
Microsoft Visual Studio Solution File, Format Version 12.00
# Visual Studio Version 17
VisualStudioVersion = 17.3.32901.215
MinimumVisualStudioVersion = 10.0.40219.1
Project("{FAE04EC0-301F-11D3-BF4B-00C04F79EFBC}") = "DictionaryExercise", "DictionaryExercise\DictionaryExercise.csproj", "{16813EF4-39F0-4CF1-83DF-3D85DCD48B9B}"
EndProject
Global
	GlobalSection(SolutionConfigurationPlatforms) = preSolution
		Debug|Any CPU = Debug|Any CPU
		Release|Any CPU = Release|Any CPU
	EndGlobalSection
	GlobalSection(ProjectConfigurationPlatforms) = postSolution
		{16813EF4-39F0-4CF1-83DF-3D85DCD48B9B}.Debug|Any CPU.ActiveCfg = Debug|Any CPU
		{16813EF4-39F0-4CF1-83DF-3D85DCD48B9B}.Debug|Any CPU.Build.0 = Debug|Any CPU
		{16813EF4-39F0-4CF1-83DF-3D85DCD48B9B}.Release|Any CPU.ActiveCfg = Release|Any CPU
		{16813EF4-39F0-4CF1-83DF-3D85DCD48B9B}.Release|Any CPU.Build.0 = Release|Any CPU
	EndGlobalSection
	GlobalSection(SolutionProperties) = preSolution
		HideSolutionNode = FALSE
	EndGlobalSection
	GlobalSection(ExtensibilityGlobals) = postSolution
		SolutionGuid = {B29A3C80-40C4-4050-B533-399D2D4DF423}
	EndGlobalSection
EndGlobal
